
Microsoft Visual Studio Solution File, Format Version 12.00
# Visual Studio 2015
Project("{FAE04EC0-301F-11D3-BF4B-00C04F79EFBC}") = "Ugglympics.Plugins", "Ugglympics.Plugins.csproj", "{05BD3614-DADB-8AB0-BC3F-EB189B6F90B3}"
EndProject
Project("{FAE04EC0-301F-11D3-BF4B-00C04F79EFBC}") = "Ugglympics", "Ugglympics.csproj", "{00215FFA-ECB4-9705-D565-B69BDA7C6150}"
EndProject
Project("{FAE04EC0-301F-11D3-BF4B-00C04F79EFBC}") = "Ugglympics.Editor", "Ugglympics.Editor.csproj", "{719B6B2C-E3D1-A3B8-CAD1-186502141A42}"
EndProject
Global
	GlobalSection(SolutionConfigurationPlatforms) = preSolution
		Debug|Any CPU = Debug|Any CPU
		Release|Any CPU = Release|Any CPU
	EndGlobalSection
	GlobalSection(ProjectConfigurationPlatforms) = postSolution
		{05BD3614-DADB-8AB0-BC3F-EB189B6F90B3}.Debug|Any CPU.ActiveCfg = Debug|Any CPU
		{05BD3614-DADB-8AB0-BC3F-EB189B6F90B3}.Debug|Any CPU.Build.0 = Debug|Any CPU
		{05BD3614-DADB-8AB0-BC3F-EB189B6F90B3}.Release|Any CPU.ActiveCfg = Release|Any CPU
		{05BD3614-DADB-8AB0-BC3F-EB189B6F90B3}.Release|Any CPU.Build.0 = Release|Any CPU
		{00215FFA-ECB4-9705-D565-B69BDA7C6150}.Debug|Any CPU.ActiveCfg = Debug|Any CPU
		{00215FFA-ECB4-9705-D565-B69BDA7C6150}.Debug|Any CPU.Build.0 = Debug|Any CPU
		{00215FFA-ECB4-9705-D565-B69BDA7C6150}.Release|Any CPU.ActiveCfg = Release|Any CPU
		{00215FFA-ECB4-9705-D565-B69BDA7C6150}.Release|Any CPU.Build.0 = Release|Any CPU
		{719B6B2C-E3D1-A3B8-CAD1-186502141A42}.Debug|Any CPU.ActiveCfg = Debug|Any CPU
		{719B6B2C-E3D1-A3B8-CAD1-186502141A42}.Debug|Any CPU.Build.0 = Debug|Any CPU
		{719B6B2C-E3D1-A3B8-CAD1-186502141A42}.Release|Any CPU.ActiveCfg = Release|Any CPU
		{719B6B2C-E3D1-A3B8-CAD1-186502141A42}.Release|Any CPU.Build.0 = Release|Any CPU
	EndGlobalSection
	GlobalSection(SolutionProperties) = preSolution
		HideSolutionNode = FALSE
	EndGlobalSection
EndGlobal
